
Microsoft Visual Studio Solution File, Format Version 12.00
# Visual Studio 15
VisualStudioVersion = 15.0.27703.2035
MinimumVisualStudioVersion = 10.0.40219.1
Project("{FAE04EC0-301F-11D3-BF4B-00C04F79EFBC}") = "message", "message\message.csproj", "{418218A8-2F89-43FA-814D-34A41655FFE5}"
EndProject
Global
	GlobalSection(SolutionConfigurationPlatforms) = preSolution
		Debug|Any CPU = Debug|Any CPU
		Release|Any CPU = Release|Any CPU
	EndGlobalSection
	GlobalSection(ProjectConfigurationPlatforms) = postSolution
		{418218A8-2F89-43FA-814D-34A41655FFE5}.Debug|Any CPU.ActiveCfg = Debug|Any CPU
		{418218A8-2F89-43FA-814D-34A41655FFE5}.Debug|Any CPU.Build.0 = Debug|Any CPU
		{418218A8-2F89-43FA-814D-34A41655FFE5}.Release|Any CPU.ActiveCfg = Release|Any CPU
		{418218A8-2F89-43FA-814D-34A41655FFE5}.Release|Any CPU.Build.0 = Release|Any CPU
	EndGlobalSection
	GlobalSection(SolutionProperties) = preSolution
		HideSolutionNode = FALSE
	EndGlobalSection
	GlobalSection(ExtensibilityGlobals) = postSolution
		SolutionGuid = {AC8A38A4-CCA8-4723-9A96-55A577A9B88C}
	EndGlobalSection
EndGlobal
